lockfileVersion: '9.0'

settings:
  autoInstallPeers: true
  excludeLinksFromLockfile: false

importers:

  .:
    dependencies:
      '@types/node':
        specifier: 20.3.1
        version: 20.3.1
      '@types/react':
        specifier: 18.2.14
        version: 18.2.14
      '@types/react-dom':
        specifier: 18.2.6
        version: 18.2.6
      '@vercel/speed-insights':
        specifier: ^1.0.0
        version: 1.0.0
      framer-motion:
        specifier: ^11.2.10
        version: 11.2.10(@emotion/is-prop-valid@0.8.8)(react-dom@19.0.0-rc-cc1ec60d0d-20240607(react@19.0.0-rc-cc1ec60d0d-20240607))(react@19.0.0-rc-cc1ec60d0d-20240607)
      next:
        specifier: 15.0.0-canary.20
        version: 15.0.0-canary.20(react-dom@19.0.0-rc-cc1ec60d0d-20240607(react@19.0.0-rc-cc1ec60d0d-20240607))(react@19.0.0-rc-cc1ec60d0d-20240607)(sass@1.77.4)
      react:
        specifier: 19.0.0-rc-cc1ec60d0d-20240607
        version: 19.0.0-rc-cc1ec60d0d-20240607
      react-dom:
        specifier: 19.0.0-rc-cc1ec60d0d-20240607
        version: 19.0.0-rc-cc1ec60d0d-20240607(react@19.0.0-rc-cc1ec60d0d-20240607)
      react-icons:
        specifier: ^4.10.1
        version: 4.10.1(react@19.0.0-rc-cc1ec60d0d-20240607)
      react-tsparticles:
        specifier: ^2.12.2
        version: 2.12.2(react@19.0.0-rc-cc1ec60d0d-20240607)
      sass:
        specifier: ^1.77.4
        version: 1.77.4
      tsparticles-slim:
        specifier: ^2.12.0
        version: 2.12.0
      typescript:
        specifier: 5.4.5
        version: 5.4.5
    devDependencies:
      '@biomejs/biome':
        specifier: 1.7.3
        version: 1.7.3

packages:

  '@biomejs/biome@1.7.3':
    resolution: {integrity: sha512-ogFQI+fpXftr+tiahA6bIXwZ7CSikygASdqMtH07J2cUzrpjyTMVc9Y97v23c7/tL1xCZhM+W9k4hYIBm7Q6cQ==}
    engines: {node: '>=14.21.3'}
    hasBin: true

  '@biomejs/cli-darwin-arm64@1.7.3':
    resolution: {integrity: sha512-eDvLQWmGRqrPIRY7AIrkPHkQ3visEItJKkPYSHCscSDdGvKzYjmBJwG1Gu8+QC5ed6R7eiU63LEC0APFBobmfQ==}
    engines: {node: '>=14.21.3'}
    cpu: [arm64]
    os: [darwin]

  '@biomejs/cli-darwin-x64@1.7.3':
    resolution: {integrity: sha512-JXCaIseKRER7dIURsVlAJacnm8SG5I0RpxZ4ya3dudASYUc68WGl4+FEN03ABY3KMIq7hcK1tzsJiWlmXyosZg==}
    engines: {node: '>=14.21.3'}
    cpu: [x64]
    os: [darwin]

  '@biomejs/cli-linux-arm64-musl@1.7.3':
    resolution: {integrity: sha512-c8AlO45PNFZ1BYcwaKzdt46kYbuP6xPGuGQ6h4j3XiEDpyseRRUy/h+6gxj07XovmyxKnSX9GSZ6nVbZvcVUAw==}
    engines: {node: '>=14.21.3'}
    cpu: [arm64]
    os: [linux]

  '@biomejs/cli-linux-arm64@1.7.3':
    resolution: {integrity: sha512-phNTBpo7joDFastnmZsFjYcDYobLTx4qR4oPvc9tJ486Bd1SfEVPHEvJdNJrMwUQK56T+TRClOQd/8X1nnjA9w==}
    engines: {node: '>=14.21.3'}
    cpu: [arm64]
    os: [linux]

  '@biomejs/cli-linux-x64-musl@1.7.3':
    resolution: {integrity: sha512-UdEHKtYGWEX3eDmVWvQeT+z05T9/Sdt2+F/7zmMOFQ7boANeX8pcO6EkJPK3wxMudrApsNEKT26rzqK6sZRTRA==}
    engines: {node: '>=14.21.3'}
    cpu: [x64]
    os: [linux]

  '@biomejs/cli-linux-x64@1.7.3':
    resolution: {integrity: sha512-vnedYcd5p4keT3iD48oSKjOIRPYcjSNNbd8MO1bKo9ajg3GwQXZLAH+0Cvlr+eMsO67/HddWmscSQwTFrC/uPA==}
    engines: {node: '>=14.21.3'}
    cpu: [x64]
    os: [linux]

  '@biomejs/cli-win32-arm64@1.7.3':
    resolution: {integrity: sha512-unNCDqUKjujYkkSxs7gFIfdasttbDC4+z0kYmcqzRk6yWVoQBL4dNLcCbdnJS+qvVDNdI9rHp2NwpQ0WAdla4Q==}
    engines: {node: '>=14.21.3'}
    cpu: [arm64]
    os: [win32]

  '@biomejs/cli-win32-x64@1.7.3':
    resolution: {integrity: sha512-ZmByhbrnmz/UUFYB622CECwhKIPjJLLPr5zr3edhu04LzbfcOrz16VYeNq5dpO1ADG70FORhAJkaIGdaVBG00w==}
    engines: {node: '>=14.21.3'}
    cpu: [x64]
    os: [win32]

  '@emnapi/runtime@1.2.0':
    resolution: {integrity: sha512-bV21/9LQmcQeCPEg3BDFtvwL6cwiTMksYNWQQ4KOxCZikEGalWtenoZ0wCiukJINlGCIi2KXx01g4FoH/LxpzQ==}

  '@emotion/is-prop-valid@0.8.8':
    resolution: {integrity: sha512-u5WtneEAr5IDG2Wv65yhunPSMLIpuKsbuOktRojfrEiEvRyC85LgPMZI63cr7NUqT8ZIGdSVg8ZKGxIug4lXcA==}

  '@emotion/memoize@0.7.4':
    resolution: {integrity: sha512-Ja/Vfqe3HpuzRsG1oBtWTHk2PGZ7GR+2Vz5iYGelAw8dx32K0y7PjVuxK6z1nMpZOqAFsRUPCkK1YjJ56qJlgw==}

  '@img/sharp-darwin-arm64@0.33.4':
    resolution: {integrity: sha512-p0suNqXufJs9t3RqLBO6vvrgr5OhgbWp76s5gTRvdmxmuv9E1rcaqGUsl3l4mKVmXPkTkTErXediAui4x+8PSA==}
    engines: {glibc: '>=2.26', node: ^18.17.0 || ^20.3.0 || >=21.0.0, npm: '>=9.6.5', pnpm: '>=7.1.0', yarn: '>=3.2.0'}
    cpu: [arm64]
    os: [darwin]

  '@img/sharp-darwin-x64@0.33.4':
    resolution: {integrity: sha512-0l7yRObwtTi82Z6ebVI2PnHT8EB2NxBgpK2MiKJZJ7cz32R4lxd001ecMhzzsZig3Yv9oclvqqdV93jo9hy+Dw==}
    engines: {glibc: '>=2.26', node: ^18.17.0 || ^20.3.0 || >=21.0.0, npm: '>=9.6.5', pnpm: '>=7.1.0', yarn: '>=3.2.0'}
    cpu: [x64]
    os: [darwin]

  '@img/sharp-libvips-darwin-arm64@1.0.2':
    resolution: {integrity: sha512-tcK/41Rq8IKlSaKRCCAuuY3lDJjQnYIW1UXU1kxcEKrfL8WR7N6+rzNoOxoQRJWTAECuKwgAHnPvqXGN8XfkHA==}
    engines: {macos: '>=11', npm: '>=9.6.5', pnpm: '>=7.1.0', yarn: '>=3.2.0'}
    cpu: [arm64]
    os: [darwin]

  '@img/sharp-libvips-darwin-x64@1.0.2':
    resolution: {integrity: sha512-Ofw+7oaWa0HiiMiKWqqaZbaYV3/UGL2wAPeLuJTx+9cXpCRdvQhCLG0IH8YGwM0yGWGLpsF4Su9vM1o6aer+Fw==}
    engines: {macos: '>=10.13', npm: '>=9.6.5', pnpm: '>=7.1.0', yarn: '>=3.2.0'}
    cpu: [x64]
    os: [darwin]

  '@img/sharp-libvips-linux-arm64@1.0.2':
    resolution: {integrity: sha512-x7kCt3N00ofFmmkkdshwj3vGPCnmiDh7Gwnd4nUwZln2YjqPxV1NlTyZOvoDWdKQVDL911487HOueBvrpflagw==}
    engines: {glibc: '>=2.26', npm: '>=9.6.5', pnpm: '>=7.1.0', yarn: '>=3.2.0'}
    cpu: [arm64]
    os: [linux]

  '@img/sharp-libvips-linux-arm@1.0.2':
    resolution: {integrity: sha512-iLWCvrKgeFoglQxdEwzu1eQV04o8YeYGFXtfWU26Zr2wWT3q3MTzC+QTCO3ZQfWd3doKHT4Pm2kRmLbupT+sZw==}
    engines: {glibc: '>=2.28', npm: '>=9.6.5', pnpm: '>=7.1.0', yarn: '>=3.2.0'}
    cpu: [arm]
    os: [linux]

  '@img/sharp-libvips-linux-s390x@1.0.2':
    resolution: {integrity: sha512-cmhQ1J4qVhfmS6szYW7RT+gLJq9dH2i4maq+qyXayUSn9/3iY2ZeWpbAgSpSVbV2E1JUL2Gg7pwnYQ1h8rQIog==}
    engines: {glibc: '>=2.28', npm: '>=9.6.5', pnpm: '>=7.1.0', yarn: '>=3.2.0'}
    cpu: [s390x]
    os: [linux]

  '@img/sharp-libvips-linux-x64@1.0.2':
    resolution: {integrity: sha512-E441q4Qdb+7yuyiADVi5J+44x8ctlrqn8XgkDTwr4qPJzWkaHwD489iZ4nGDgcuya4iMN3ULV6NwbhRZJ9Z7SQ==}
    engines: {glibc: '>=2.26', npm: '>=9.6.5', pnpm: '>=7.1.0', yarn: '>=3.2.0'}
    cpu: [x64]
    os: [linux]

  '@img/sharp-libvips-linuxmusl-arm64@1.0.2':
    resolution: {integrity: sha512-3CAkndNpYUrlDqkCM5qhksfE+qSIREVpyoeHIU6jd48SJZViAmznoQQLAv4hVXF7xyUB9zf+G++e2v1ABjCbEQ==}
    engines: {musl: '>=1.2.2', npm: '>=9.6.5', pnpm: '>=7.1.0', yarn: '>=3.2.0'}
    cpu: [arm64]
    os: [linux]

  '@img/sharp-libvips-linuxmusl-x64@1.0.2':
    resolution: {integrity: sha512-VI94Q6khIHqHWNOh6LLdm9s2Ry4zdjWJwH56WoiJU7NTeDwyApdZZ8c+SADC8OH98KWNQXnE01UdJ9CSfZvwZw==}
    engines: {musl: '>=1.2.2', npm: '>=9.6.5', pnpm: '>=7.1.0', yarn: '>=3.2.0'}
    cpu: [x64]
    os: [linux]

  '@img/sharp-linux-arm64@0.33.4':
    resolution: {integrity: sha512-2800clwVg1ZQtxwSoTlHvtm9ObgAax7V6MTAB/hDT945Tfyy3hVkmiHpeLPCKYqYR1Gcmv1uDZ3a4OFwkdBL7Q==}
    engines: {glibc: '>=2.26', node: ^18.17.0 || ^20.3.0 || >=21.0.0, npm: '>=9.6.5', pnpm: '>=7.1.0', yarn: '>=3.2.0'}
    cpu: [arm64]
    os: [linux]

  '@img/sharp-linux-arm@0.33.4':
    resolution: {integrity: sha512-RUgBD1c0+gCYZGCCe6mMdTiOFS0Zc/XrN0fYd6hISIKcDUbAW5NtSQW9g/powkrXYm6Vzwd6y+fqmExDuCdHNQ==}
    engines: {glibc: '>=2.28', node: ^18.17.0 || ^20.3.0 || >=21.0.0, npm: '>=9.6.5', pnpm: '>=7.1.0', yarn: '>=3.2.0'}
    cpu: [arm]
    os: [linux]

  '@img/sharp-linux-s390x@0.33.4':
    resolution: {integrity: sha512-h3RAL3siQoyzSoH36tUeS0PDmb5wINKGYzcLB5C6DIiAn2F3udeFAum+gj8IbA/82+8RGCTn7XW8WTFnqag4tQ==}
    engines: {glibc: '>=2.31', node: ^18.17.0 || ^20.3.0 || >=21.0.0, npm: '>=9.6.5', pnpm: '>=7.1.0', yarn: '>=3.2.0'}
    cpu: [s390x]
    os: [linux]

  '@img/sharp-linux-x64@0.33.4':
    resolution: {integrity: sha512-GoR++s0XW9DGVi8SUGQ/U4AeIzLdNjHka6jidVwapQ/JebGVQIpi52OdyxCNVRE++n1FCLzjDovJNozif7w/Aw==}
    engines: {glibc: '>=2.26', node: ^18.17.0 || ^20.3.0 || >=21.0.0, npm: '>=9.6.5', pnpm: '>=7.1.0', yarn: '>=3.2.0'}
    cpu: [x64]
    os: [linux]

  '@img/sharp-linuxmusl-arm64@0.33.4':
    resolution: {integrity: sha512-nhr1yC3BlVrKDTl6cO12gTpXMl4ITBUZieehFvMntlCXFzH2bvKG76tBL2Y/OqhupZt81pR7R+Q5YhJxW0rGgQ==}
    engines: {musl: '>=1.2.2', node: ^18.17.0 || ^20.3.0 || >=21.0.0, npm: '>=9.6.5', pnpm: '>=7.1.0', yarn: '>=3.2.0'}
    cpu: [arm64]
    os: [linux]

  '@img/sharp-linuxmusl-x64@0.33.4':
    resolution: {integrity: sha512-uCPTku0zwqDmZEOi4ILyGdmW76tH7dm8kKlOIV1XC5cLyJ71ENAAqarOHQh0RLfpIpbV5KOpXzdU6XkJtS0daw==}
    engines: {musl: '>=1.2.2', node: ^18.17.0 || ^20.3.0 || >=21.0.0, npm: '>=9.6.5', pnpm: '>=7.1.0', yarn: '>=3.2.0'}
    cpu: [x64]
    os: [linux]

  '@img/sharp-wasm32@0.33.4':
    resolution: {integrity: sha512-Bmmauh4sXUsUqkleQahpdNXKvo+wa1V9KhT2pDA4VJGKwnKMJXiSTGphn0gnJrlooda0QxCtXc6RX1XAU6hMnQ==}
    engines: {node: ^18.17.0 || ^20.3.0 || >=21.0.0, npm: '>=9.6.5', pnpm: '>=7.1.0', yarn: '>=3.2.0'}
    cpu: [wasm32]

  '@img/sharp-win32-ia32@0.33.4':
    resolution: {integrity: sha512-99SJ91XzUhYHbx7uhK3+9Lf7+LjwMGQZMDlO/E/YVJ7Nc3lyDFZPGhjwiYdctoH2BOzW9+TnfqcaMKt0jHLdqw==}
    engines: {node: ^18.17.0 || ^20.3.0 || >=21.0.0, npm: '>=9.6.5', pnpm: '>=7.1.0', yarn: '>=3.2.0'}
    cpu: [ia32]
    os: [win32]

  '@img/sharp-win32-x64@0.33.4':
    resolution: {integrity: sha512-3QLocdTRVIrFNye5YocZl+KKpYKP+fksi1QhmOArgx7GyhIbQp/WrJRu176jm8IxromS7RIkzMiMINVdBtC8Aw==}
    engines: {node: ^18.17.0 || ^20.3.0 || >=21.0.0, npm: '>=9.6.5', pnpm: '>=7.1.0', yarn: '>=3.2.0'}
    cpu: [x64]
    os: [win32]

  '@next/env@15.0.0-canary.20':
    resolution: {integrity: sha512-vMoBKNJxSLbO1uL2IgdQbqZKg6CrSuN+x2lUTospdwfrhbIXrrp67abkpUOqJJivcs7un/wiLyitZQYAzzCAQA==}

  '@next/swc-darwin-arm64@15.0.0-canary.20':
    resolution: {integrity: sha512-oEWNMp4UsVDSWToNqZoAk3T8R9KFhHj/VBqTUNqjGCfPNmQM6Hxe2APJUD4qUANUunNsYb4N68qIHm8x07BQTg==}
    engines: {node: '>= 10'}
    cpu: [arm64]
    os: [darwin]

  '@next/swc-darwin-x64@15.0.0-canary.20':
    resolution: {integrity: sha512-AO/lwPEsGSZSbZ60aHxA3KJoIv6Nl7aBnBeI7BAm+mdA3iBv/HMw33OJQDcui3IlZutRJuluwpGnuUsnXVxDEQ==}
    engines: {node: '>= 10'}
    cpu: [x64]
    os: [darwin]

  '@next/swc-linux-arm64-gnu@15.0.0-canary.20':
    resolution: {integrity: sha512-THfMHarKQVJpXTjwiZdTSIge3EiJipPw+8dgmbenrF3TfdKUXcr+jxrosQD4zuNXDrkWglQykWVY4WLICoz+vA==}
    engines: {node: '>= 10'}
    cpu: [arm64]
    os: [linux]

  '@next/swc-linux-arm64-musl@15.0.0-canary.20':
    resolution: {integrity: sha512-CANin0esaCZNUfja6j00cOSY7kic4abQSP6fto/Ztx5WvFKslAfp49+bHZhqIqfAQjc0YbhNarRs3CnaEaRNpw==}
    engines: {node: '>= 10'}
    cpu: [arm64]
    os: [linux]

  '@next/swc-linux-x64-gnu@15.0.0-canary.20':
    resolution: {integrity: sha512-N1umAdWsorXNSKabTAs6aaFs4okr2aPN6sO+SfOvnb6mR1wHhqtv+avtCLph4ws6DNEKDI/lUQPSwBHa/fspSg==}
    engines: {node: '>= 10'}
    cpu: [x64]
    os: [linux]

  '@next/swc-linux-x64-musl@15.0.0-canary.20':
    resolution: {integrity: sha512-1Thc1rM76nOLAZyUP8uZOfWWcnwZ2rbEXO/bzw982VDTnM/vRc43ar8pNOA6+AuoVGTJHlK51s5JSuTR1OkZcg==}
    engines: {node: '>= 10'}
    cpu: [x64]
    os: [linux]

  '@next/swc-win32-arm64-msvc@15.0.0-canary.20':
    resolution: {integrity: sha512-eh0ldkQg73AOEGOS5d6w3AaqRdh2tmaxa/20RT1QxQDrhnO56hq1I1hXrv3lY+GXxho8o6zSrhsWhmn3CUZBMA==}
    engines: {node: '>= 10'}
    cpu: [arm64]
    os: [win32]

  '@next/swc-win32-ia32-msvc@15.0.0-canary.20':
    resolution: {integrity: sha512-b0gEdLO3+nCqS6cWG0+nmyctfwjPpYsKnKt2z08K1CVtos7/yUQoy6hJW3B9qQm5JE3bFVfN6BF3yvyYD1yf4Q==}
    engines: {node: '>= 10'}
    cpu: [ia32]
    os: [win32]

  '@next/swc-win32-x64-msvc@15.0.0-canary.20':
    resolution: {integrity: sha512-H/k7ZexjbVEo8j1Dg0XQOQ+qlyojKY8QcbFDGRQfPW8iHqndpx6KZK45T9GvDyVHDt2eKZPXaUkiyngrkgsBNQ==}
    engines: {node: '>= 10'}
    cpu: [x64]
    os: [win32]

  '@swc/helpers@0.5.11':
    resolution: {integrity: sha512-YNlnKRWF2sVojTpIyzwou9XoTNbzbzONwRhOoniEioF1AtaitTvVZblaQRrAzChWQ1bLYyYSWzM18y4WwgzJ+A==}

  '@types/node@20.3.1':
    resolution: {integrity: sha512-EhcH/wvidPy1WeML3TtYFGR83UzjxeWRen9V402T8aUGYsCHOmfoisV3ZSg03gAFIbLq8TnWOJ0f4cALtnSEUg==}

  '@types/prop-types@15.7.5':
    resolution: {integrity: sha512-JCB8C6SnDoQf0cNycqd/35A7MjcnK+ZTqE7judS6o7utxUCg6imJg3QK2qzHKszlTjcj2cn+NwMB2i96ubpj7w==}

  '@types/react-dom@18.2.6':
    resolution: {integrity: sha512-2et4PDvg6PVCyS7fuTc4gPoksV58bW0RwSxWKcPRcHZf0PRUGq03TKcD/rUHe3azfV6/5/biUBJw+HhCQjaP0A==}

  '@types/react@18.2.14':
    resolution: {integrity: sha512-A0zjq+QN/O0Kpe30hA1GidzyFjatVvrpIvWLxD+xv67Vt91TWWgco9IvrJBkeyHm1trGaFS/FSGqPlhyeZRm0g==}

  '@types/scheduler@0.16.3':
    resolution: {integrity: sha512-5cJ8CB4yAx7BH1oMvdU0Jh9lrEXyPkar6F9G/ERswkCuvP4KQZfZkSjcMbAICCpQTN4OuZn8tz0HiKv9TGZgrQ==}

  '@vercel/speed-insights@1.0.0':
    resolution: {integrity: sha512-5blmCVGGPn+3BqwBPb1jc3OnzRozNuLgJVr7xH6XjxCTvocs7z/Bml7lo+JzLKUXR1Q35qI/PlEllmNbZmP9Ew==}

  anymatch@3.1.3:
    resolution: {integrity: sha512-KMReFUr0B4t+D+OBkjR3KYqvocp2XaSzO55UcB6mgQMd3KbcE+mWTyvVV7D/zsdEbNnV6acZUutkiHQXvTr1Rw==}
    engines: {node: '>= 8'}

  binary-extensions@2.2.0:
    resolution: {integrity: sha512-jDctJ/IVQbZoJykoeHbhXpOlNBqGNcwXJKJog42E5HDPUwQTSdjCHdihjj0DlnheQ7blbT6dHOafNAiS8ooQKA==}
    engines: {node: '>=8'}

  braces@3.0.2:
    resolution: {integrity: sha512-b8um+L1RzM3WDSzvhm6gIz1yfTbBt6YTlcEKAvsmqCZZFw46z626lVj9j1yEPW33H5H+lBQpZMP1k8l+78Ha0A==}
    engines: {node: '>=8'}

  busboy@1.6.0:
    resolution: {integrity: sha512-8SFQbg/0hQ9xy3UNTB0YEnsNBbWfhf7RtnzpL7TkBiTBRfrQ9Fxcnz7VJsleJpyp6rVLvXiuORqjlHi5q+PYuA==}
    engines: {node: '>=10.16.0'}

  caniuse-lite@1.0.30001588:
    resolution: {integrity: sha512-+hVY9jE44uKLkH0SrUTqxjxqNTOWHsbnQDIKjwkZ3lNTzUUVdBLBGXtj/q5Mp5u98r3droaZAewQuEDzjQdZlQ==}

  chokidar@3.5.3:
    resolution: {integrity: sha512-Dr3sfKRP6oTcjf2JmUmFJfeVMvXBdegxB0iVQ5eb2V10uFJUCAS8OByZdVAyVb8xXNz3GjjTgj9kLWsZTqE6kw==}
    engines: {node: '>= 8.10.0'}

  client-only@0.0.1:
    resolution: {integrity: sha512-IV3Ou0jSMzZrd3pZ48nLkT9DA7Ag1pnPzaiQhpW7c3RbcqqzvzzVu+L8gfqMp/8IM2MQtSiqaCxrrcfu8I8rMA==}

  color-convert@2.0.1:
    resolution: {integrity: sha512-RRECPsj7iu/xb5oKYcsFHSppFNnsj/52OVTRKb4zP5onXwVF3zVmmToNcOfGC+CRDpfK/U584fMg38ZHCaElKQ==}
    engines: {node: '>=7.0.0'}

  color-name@1.1.4:
    resolution: {integrity: sha512-dOy+3AuW3a2wNbZHIuMZpTcgjGuLU/uBL/ubcZF9OXbDo8ff4O8yVp5Bf0efS8uEoYo5q4Fx7dY9OgQGXgAsQA==}

  color-string@1.9.1:
    resolution: {integrity: sha512-shrVawQFojnZv6xM40anx4CkoDP+fZsw/ZerEMsW/pyzsRbElpsL/DBVW7q3ExxwusdNXI3lXpuhEZkzs8p5Eg==}

  color@4.2.3:
    resolution: {integrity: sha512-1rXeuUUiGGrykh+CeBdu5Ie7OJwinCgQY0bc7GCRxy5xVHy+moaqkpL/jqQq0MtQOeYcrqEz4abc5f0KtU7W4A==}
    engines: {node: '>=12.5.0'}

  csstype@3.1.2:
    resolution: {integrity: sha512-I7K1Uu0MBPzaFKg4nI5Q7Vs2t+3gWWW648spaF+Rg7pI9ds18Ugn+lvg4SHczUdKlHI5LWBXyqfS8+DufyBsgQ==}

  detect-libc@2.0.3:
    resolution: {integrity: sha512-bwy0MGW55bG41VqxxypOsdSdGqLwXPI/focwgTYCFMbdUiBAxLg9CFzG08sz2aqzknwiX7Hkl0bQENjg8iLByw==}
    engines: {node: '>=8'}

  fill-range@7.0.1:
    resolution: {integrity: sha512-qOo9F+dMUmC2Lcb4BbVvnKJxTPjCm+RRpe4gDuGrzkL7mEVl/djYSu2OdQ2Pa302N4oqkSg9ir6jaLWJ2USVpQ==}
    engines: {node: '>=8'}

  framer-motion@11.2.10:
    resolution: {integrity: sha512-/gr3PLZUVFCc86a9MqCUboVrALscrdluzTb3yew+2/qKBU8CX6nzs918/SRBRCqaPbx0TZP10CB6yFgK2C5cYQ==}
    peerDependencies:
      '@emotion/is-prop-valid': '*'
      react: ^18.0.0
      react-dom: ^18.0.0
    peerDependenciesMeta:
      '@emotion/is-prop-valid':
        optional: true
      react:
        optional: true
      react-dom:
        optional: true

  fsevents@2.3.2:
    resolution: {integrity: sha512-xiqMQR4xAeHTuB9uWm+fFRcIOgKBMiOBP+eXiyT7jsgVCq1bkVygt00oASowB7EdtpOHaaPgKt812P9ab+DDKA==}
    engines: {node: ^8.16.0 || ^10.6.0 || >=11.0.0}
    os: [darwin]

  glob-parent@5.1.2:
    resolution: {integrity: sha512-AOIgSQCepiJYwP3ARnGx+5VnTu2HBYdzbGP45eLw1vr3zB3vZLeyed1sC9hnbcOc9/SrMyM5RPQrkGz4aS9Zow==}
    engines: {node: '>= 6'}

  graceful-fs@4.2.11:
    resolution: {integrity: sha512-RbJ5/jmFcNNCcDV5o9eTnBLJ/HszWV0P73bc+Ff4nS/rJj+YaS6IGyiOL0VoBYX+l1Wrl3k63h/KrH+nhJ0XvQ==}

  immutable@4.3.0:
    resolution: {integrity: sha512-0AOCmOip+xgJwEVTQj1EfiDDOkPmuyllDuTuEX+DDXUgapLAsBIfkg3sxCYyCEA8mQqZrrxPUGjcOQ2JS3WLkg==}

  is-arrayish@0.3.2:
    resolution: {integrity: sha512-eVRqCvVlZbuw3GrM63ovNSNAeA1K16kaR/LRY/92w0zxQ5/1YzwblUX652i4Xs9RwAGjW9d9y6X88t8OaAJfWQ==}

  is-binary-path@2.1.0:
    resolution: {integrity: sha512-ZMERYes6pDydyuGidse7OsHxtbI7WVeUEozgR/g7rd0xUimYNlvZRE/K2MgZTjWy725IfelLeVcEM97mmtRGXw==}
    engines: {node: '>=8'}

  is-extglob@2.1.1:
    resolution: {integrity: sha512-SbKbANkN603Vi4jEZv49LeVJMn4yGwsbzZworEoyEiutsN3nJYdbO36zfhGJ6QEDpOZIFkDtnq5JRxmvl3jsoQ==}
    engines: {node: '>=0.10.0'}

  is-glob@4.0.3:
    resolution: {integrity: sha512-xelSayHH36ZgE7ZWhli7pW34hNbNl8Ojv5KVmkJD4hBdD3th8Tfk9vYasLM+mXWOZhFkgZfxhLSnrwRr4elSSg==}
    engines: {node: '>=0.10.0'}

  is-number@7.0.0:
    resolution: {integrity: sha512-41Cifkg6e8TylSpdtTpeLVMqvSBEVzTttHvERD741+pnZ8ANv0004MRL43QKPDlK9cGvNp6NZWZUBlbGXYxxng==}
    engines: {node: '>=0.12.0'}

  nanoid@3.3.6:
    resolution: {integrity: sha512-BGcqMMJuToF7i1rt+2PWSNVnWIkGCU78jBG3RxO/bZlnZPK2Cmi2QaffxGO/2RvWi9sL+FAiRiXMgsyxQ1DIDA==}
    engines: {node: ^10 || ^12 || ^13.7 || ^14 || >=15.0.1}
    hasBin: true

  next@15.0.0-canary.20:
    resolution: {integrity: sha512-8IthCL90Xe5SK8e9vR8fCDJx3xbSkmVuQ1soWK8ghxxfmOu/2yd1wQ7T39iFWYEix21hELhrLE0YOHQNRyOLhQ==}
    engines: {node: '>=18.17.0'}
    hasBin: true
    peerDependencies:
      '@opentelemetry/api': ^1.1.0
      '@playwright/test': ^1.41.2
      babel-plugin-react-compiler: '*'
      react: 19.0.0-rc-f994737d14-20240522
      react-dom: 19.0.0-rc-f994737d14-20240522
      sass: ^1.3.0
    peerDependenciesMeta:
      '@opentelemetry/api':
        optional: true
      '@playwright/test':
        optional: true
      babel-plugin-react-compiler:
        optional: true
      sass:
        optional: true

  normalize-path@3.0.0:
    resolution: {integrity: sha512-6eZs5Ls3WtCisHWp9S2GUy8dqkpGi4BVSz3GaqiE6ezub0512ESztXUwUB6C6IKbQkY2Pnb/mD4WYojCRwcwLA==}
    engines: {node: '>=0.10.0'}

  picocolors@1.0.0:
    resolution: {integrity: sha512-1fygroTLlHu66zi26VoTDv8yRgm0Fccecssto+MhsZ0D/DGW2sm8E8AjW7NU5VVTRt5GxbeZ5qBuJr+HyLYkjQ==}

  picomatch@2.3.1:
    resolution: {integrity: sha512-JU3teHTNjmE2VCGFzuY8EXzCDVwEqB2a8fsIvwaStHhAWJEeVd1o1QD80CU6+ZdEXXSLbSsuLwJjkCBWqRQUVA==}
    engines: {node: '>=8.6'}

  postcss@8.4.31:
    resolution: {integrity: sha512-PS08Iboia9mts/2ygV3eLpY5ghnUcfLV/EXTOW1E2qYxJKGGBUtNjN76FYHnMs36RmARn41bC0AZmn+rR0OVpQ==}
    engines: {node: ^10 || ^12 || >=14}

  react-dom@19.0.0-rc-cc1ec60d0d-20240607:
    resolution: {integrity: sha512-paspD9kAfKKuURVwKWJ0/g3qYw1DGi9h1k9xQV2iQN9cSVZ4JAOD727yjVLyp1zdzsoygjFfLMtSBdZ+oERYvA==}
    peerDependencies:
      react: 19.0.0-rc-cc1ec60d0d-20240607

  react-icons@4.10.1:
    resolution: {integrity: sha512-/ngzDP/77tlCfqthiiGNZeYFACw85fUjZtLbedmJ5DTlNDIwETxhwBzdOJ21zj4iJdvc0J3y7yOsX3PpxAJzrw==}
    peerDependencies:
      react: '*'

  react-tsparticles@2.12.2:
    resolution: {integrity: sha512-/nrEbyL8UROXKIMXe+f+LZN2ckvkwV2Qa+GGe/H26oEIc+wq/ybSG9REDwQiSt2OaDQGu0MwmA4BKmkL6wAWcA==}
    peerDependencies:
      react: '>=16'

  react@19.0.0-rc-cc1ec60d0d-20240607:
    resolution: {integrity: sha512-q8A0/IdJ2wdHsjDNO1igFcSSFIMqSKmO7oJZtAjxIA9g0klK45Lxt15NQJ7z7cBvgD1r3xRTtQ/MAqnmwYHs1Q==}
    engines: {node: '>=0.10.0'}

  readdirp@3.6.0:
    resolution: {integrity: sha512-hOS089on8RduqdbhvQ5Z37A0ESjsqz6qnRcffsMU3495FuTdqSm+7bhJ29JvIOsBDEEnan5DPu9t3To9VRlMzA==}
    engines: {node: '>=8.10.0'}

  sass@1.77.4:
    resolution: {integrity: sha512-vcF3Ckow6g939GMA4PeU7b2K/9FALXk2KF9J87txdHzXbUF9XRQRwSxcAs/fGaTnJeBFd7UoV22j3lzMLdM0Pw==}
    engines: {node: '>=14.0.0'}
    hasBin: true

  scheduler@0.25.0-rc-cc1ec60d0d-20240607:
    resolution: {integrity: sha512-yFVKy6SDJkN2bOJSeH6gNo4+1MTygTZXnLRY5IHvEB6P9+O6WYRWz9PkELLjnl64lQwRgiigwzWQRSMNEboOGQ==}

  semver@7.6.2:
    resolution: {integrity: sha512-FNAIBWCx9qcRhoHcgcJ0gvU7SN1lYU2ZXuSfl04bSC5OpvDHFyJCjdNHomPXxjQlCBU67YW64PzY7/VIEH7F2w==}
    engines: {node: '>=10'}
    hasBin: true

  sharp@0.33.4:
    resolution: {integrity: sha512-7i/dt5kGl7qR4gwPRD2biwD2/SvBn3O04J77XKFgL2OnZtQw+AG9wnuS/csmu80nPRHLYE9E41fyEiG8nhH6/Q==}
    engines: {libvips: '>=8.15.2', node: ^18.17.0 || ^20.3.0 || >=21.0.0}

  simple-swizzle@0.2.2:
    resolution: {integrity: sha512-JA//kQgZtbuY83m+xT+tXJkmJncGMTFT+C+g2h2R9uxkYIrE2yy9sgmcLhCnw57/WSD+Eh3J97FPEDFnbXnDUg==}

  source-map-js@1.0.2:
    resolution: {integrity: sha512-R0XvVJ9WusLiqTCEiGCmICCMplcCkIwwR11mOSD9CR5u+IXYdiseeEuXCVAjS54zqwkLcPNnmU4OeJ6tUrWhDw==}
    engines: {node: '>=0.10.0'}

  streamsearch@1.1.0:
    resolution: {integrity: sha512-Mcc5wHehp9aXz1ax6bZUyY5afg9u2rv5cqQI3mRrYkGC8rW2hM02jWuwjtL++LS5qinSyhj2QfLyNsuc+VsExg==}
    engines: {node: '>=10.0.0'}

  styled-jsx@5.1.6:
    resolution: {integrity: sha512-qSVyDTeMotdvQYoHWLNGwRFJHC+i+ZvdBRYosOFgC+Wg1vx4frN2/RG/NA7SYqqvKNLf39P2LSRA2pu6n0XYZA==}
    engines: {node: '>= 12.0.0'}
    peerDependencies:
      '@babel/core': '*'
      babel-plugin-macros: '*'
      react: '>= 16.8.0 || 17.x.x || ^18.0.0-0 || ^19.0.0-0'
    peerDependenciesMeta:
      '@babel/core':
        optional: true
      babel-plugin-macros:
        optional: true

  to-regex-range@5.0.1:
    resolution: {integrity: sha512-65P7iz6X5yEr1cwcgvQxbbIw7Uk3gOy5dIdtZ4rDveLqhrdJP+Li/Hx6tyK0NEb+2GCyneCMJiGqrADCSNk8sQ==}
    engines: {node: '>=8.0'}

  tslib@2.5.3:
    resolution: {integrity: sha512-mSxlJJwl3BMEQCUNnxXBU9jP4JBktcEGhURcPR6VQVlnP0FdDEsIaz0C35dXNGLyRfrATNofF0F5p2KPxQgB+w==}

  tsparticles-basic@2.12.0:
    resolution: {integrity: sha512-pN6FBpL0UsIUXjYbiui5+IVsbIItbQGOlwyGV55g6IYJBgdTNXgFX0HRYZGE9ZZ9psEXqzqwLM37zvWnb5AG9g==}

  tsparticles-engine@2.12.0:
    resolution: {integrity: sha512-ZjDIYex6jBJ4iMc9+z0uPe7SgBnmb6l+EJm83MPIsOny9lPpetMsnw/8YJ3xdxn8hV+S3myTpTN1CkOVmFv0QQ==}

  tsparticles-interaction-external-attract@2.12.0:
    resolution: {integrity: sha512-0roC6D1QkFqMVomcMlTaBrNVjVOpyNzxIUsjMfshk2wUZDAvTNTuWQdUpmsLS4EeSTDN3rzlGNnIuuUQqyBU5w==}

  tsparticles-interaction-external-bounce@2.12.0:
    resolution: {integrity: sha512-MMcqKLnQMJ30hubORtdq+4QMldQ3+gJu0bBYsQr9BsThsh8/V0xHc1iokZobqHYVP5tV77mbFBD8Z7iSCf0TMQ==}

  tsparticles-interaction-external-bubble@2.12.0:
    resolution: {integrity: sha512-5kImCSCZlLNccXOHPIi2Yn+rQWTX3sEa/xCHwXW19uHxtILVJlnAweayc8+Zgmb7mo0DscBtWVFXHPxrVPFDUA==}

  tsparticles-interaction-external-connect@2.12.0:
    resolution: {integrity: sha512-ymzmFPXz6AaA1LAOL5Ihuy7YSQEW8MzuSJzbd0ES13U8XjiU3HlFqlH6WGT1KvXNw6WYoqrZt0T3fKxBW3/C3A==}

  tsparticles-interaction-external-grab@2.12.0:
    resolution: {integrity: sha512-iQF/A947hSfDNqAjr49PRjyQaeRkYgTYpfNmAf+EfME8RsbapeP/BSyF6mTy0UAFC0hK2A2Hwgw72eT78yhXeQ==}

  tsparticles-interaction-external-pause@2.12.0:
    resolution: {integrity: sha512-4SUikNpsFROHnRqniL+uX2E388YTtfRWqqqZxRhY0BrijH4z04Aii3YqaGhJxfrwDKkTQlIoM2GbFT552QZWjw==}

  tsparticles-interaction-external-push@2.12.0:
    resolution: {integrity: sha512-kqs3V0dgDKgMoeqbdg+cKH2F+DTrvfCMrPF1MCCUpBCqBiH+TRQpJNNC86EZYHfNUeeLuIM3ttWwIkk2hllR/Q==}

  tsparticles-interaction-external-remove@2.12.0:
    resolution: {integrity: sha512-2eNIrv4m1WB2VfSVj46V2L/J9hNEZnMgFc+A+qmy66C8KzDN1G8aJUAf1inW8JVc0lmo5+WKhzex4X0ZSMghBg==}

  tsparticles-interaction-external-repulse@2.12.0:
    resolution: {integrity: sha512-rSzdnmgljeBCj5FPp4AtGxOG9TmTsK3AjQW0vlyd1aG2O5kSqFjR+FuT7rfdSk9LEJGH5SjPFE6cwbuy51uEWA==}

  tsparticles-interaction-external-slow@2.12.0:
    resolution: {integrity: sha512-2IKdMC3om7DttqyroMtO//xNdF0NvJL/Lx7LDo08VpfTgJJozxU+JAUT8XVT7urxhaDzbxSSIROc79epESROtA==}

  tsparticles-interaction-particles-attract@2.12.0:
    resolution: {integrity: sha512-Hl8qwuwF9aLq3FOkAW+Zomu7Gb8IKs6Y3tFQUQScDmrrSCaeRt2EGklAiwgxwgntmqzL7hbMWNx06CHHcUQKdQ==}

  tsparticles-interaction-particles-collisions@2.12.0:
    resolution: {integrity: sha512-Se9nPWlyPxdsnHgR6ap4YUImAu3W5MeGKJaQMiQpm1vW8lSMOUejI1n1ioIaQth9weKGKnD9rvcNn76sFlzGBA==}

  tsparticles-interaction-particles-links@2.12.0:
    resolution: {integrity: sha512-e7I8gRs4rmKfcsHONXMkJnymRWpxHmeaJIo4g2NaDRjIgeb2AcJSWKWZvrsoLnm7zvaf/cMQlbN6vQwCixYq3A==}

  tsparticles-move-base@2.12.0:
    resolution: {integrity: sha512-oSogCDougIImq+iRtIFJD0YFArlorSi8IW3HD2gO3USkH+aNn3ZqZNTqp321uB08K34HpS263DTbhLHa/D6BWw==}

  tsparticles-move-parallax@2.12.0:
    resolution: {integrity: sha512-58CYXaX8Ih5rNtYhpnH0YwU4Ks7gVZMREGUJtmjhuYN+OFr9FVdF3oDIJ9N6gY5a5AnAKz8f5j5qpucoPRcYrQ==}

  tsparticles-particles.js@2.12.0:
    resolution: {integrity: sha512-LyOuvYdhbUScmA4iDgV3LxA0HzY1DnOwQUy3NrPYO393S2YwdDjdwMod6Btq7EBUjg9FVIh+sZRizgV5elV2dg==}

  tsparticles-plugin-easing-quad@2.12.0:
    resolution: {integrity: sha512-2mNqez5pydDewMIUWaUhY5cNQ80IUOYiujwG6qx9spTq1D6EEPLbRNAEL8/ecPdn2j1Um3iWSx6lo340rPkv4Q==}

  tsparticles-shape-circle@2.12.0:
    resolution: {integrity: sha512-L6OngbAlbadG7b783x16ns3+SZ7i0SSB66M8xGa5/k+YcY7zm8zG0uPt1Hd+xQDR2aNA3RngVM10O23/Lwk65Q==}

  tsparticles-shape-image@2.12.0:
    resolution: {integrity: sha512-iCkSdUVa40DxhkkYjYuYHr9MJGVw+QnQuN5UC+e/yBgJQY+1tQL8UH0+YU/h0GHTzh5Sm+y+g51gOFxHt1dj7Q==}

  tsparticles-shape-line@2.12.0:
    resolution: {integrity: sha512-RcpKmmpKlk+R8mM5wA2v64Lv1jvXtU4SrBDv3vbdRodKbKaWGGzymzav1Q0hYyDyUZgplEK/a5ZwrfrOwmgYGA==}

  tsparticles-shape-polygon@2.12.0:
    resolution: {integrity: sha512-5YEy7HVMt1Obxd/jnlsjajchAlYMr9eRZWN+lSjcFSH6Ibra7h59YuJVnwxOxAobpijGxsNiBX0PuGQnB47pmA==}

  tsparticles-shape-square@2.12.0:
    resolution: {integrity: sha512-33vfajHqmlODKaUzyPI/aVhnAOT09V7nfEPNl8DD0cfiNikEuPkbFqgJezJuE55ebtVo7BZPDA9o7GYbWxQNuw==}

  tsparticles-shape-star@2.12.0:
    resolution: {integrity: sha512-4sfG/BBqm2qBnPLASl2L5aBfCx86cmZLXeh49Un+TIR1F5Qh4XUFsahgVOG0vkZQa+rOsZPEH04xY5feWmj90g==}

  tsparticles-shape-text@2.12.0:
    resolution: {integrity: sha512-v2/FCA+hyTbDqp2ymFOe97h/NFb2eezECMrdirHWew3E3qlvj9S/xBibjbpZva2gnXcasBwxn0+LxKbgGdP0rA==}

  tsparticles-slim@2.12.0:
    resolution: {integrity: sha512-27w9aGAAAPKHvP4LHzWFpyqu7wKyulayyaZ/L6Tuuejy4KP4BBEB4rY5GG91yvAPsLtr6rwWAn3yS+uxnBDpkA==}

  tsparticles-updater-color@2.12.0:
    resolution: {integrity: sha512-KcG3a8zd0f8CTiOrylXGChBrjhKcchvDJjx9sp5qpwQK61JlNojNCU35xoaSk2eEHeOvFjh0o3CXWUmYPUcBTQ==}

  tsparticles-updater-life@2.12.0:
    resolution: {integrity: sha512-J7RWGHAZkowBHpcLpmjKsxwnZZJ94oGEL2w+wvW1/+ZLmAiFFF6UgU0rHMC5CbHJT4IPx9cbkYMEHsBkcRJ0Bw==}

  tsparticles-updater-opacity@2.12.0:
    resolution: {integrity: sha512-YUjMsgHdaYi4HN89LLogboYcCi1o9VGo21upoqxq19yRy0hRCtx2NhH22iHF/i5WrX6jqshN0iuiiNefC53CsA==}

  tsparticles-updater-out-modes@2.12.0:
    resolution: {integrity: sha512-owBp4Gk0JNlSrmp12XVEeBroDhLZU+Uq3szbWlHGSfcR88W4c/0bt0FiH5bHUqORIkw+m8O56hCjbqwj69kpOQ==}

  tsparticles-updater-rotate@2.12.0:
    resolution: {integrity: sha512-waOFlGFmEZOzsQg4C4VSejNVXGf4dMf3fsnQrEROASGf1FCd8B6WcZau7JtXSTFw0OUGuk8UGz36ETWN72DkCw==}

  tsparticles-updater-size@2.12.0:
    resolution: {integrity: sha512-B0yRdEDd/qZXCGDL/ussHfx5YJ9UhTqNvmS5X2rR2hiZhBAE2fmsXLeWkdtF2QusjPeEqFDxrkGiLOsh6poqRA==}

  tsparticles-updater-stroke-color@2.12.0:
    resolution: {integrity: sha512-MPou1ZDxsuVq6SN1fbX+aI5yrs6FyP2iPCqqttpNbWyL+R6fik1rL0ab/x02B57liDXqGKYomIbBQVP3zUTW1A==}

  typescript@5.4.5:
    resolution: {integrity: sha512-vcI4UpRgg81oIRUFwR0WSIHKt11nJ7SAVlYNIu+QpqeyXP+gpQJy/Z4+F0aGxSE4MqwjyXvW/TzgkLAx2AGHwQ==}
    engines: {node: '>=14.17'}
    hasBin: true

snapshots:

  '@biomejs/biome@1.7.3':
    optionalDependencies:
      '@biomejs/cli-darwin-arm64': 1.7.3
      '@biomejs/cli-darwin-x64': 1.7.3
      '@biomejs/cli-linux-arm64': 1.7.3
      '@biomejs/cli-linux-arm64-musl': 1.7.3
      '@biomejs/cli-linux-x64': 1.7.3
      '@biomejs/cli-linux-x64-musl': 1.7.3
      '@biomejs/cli-win32-arm64': 1.7.3
      '@biomejs/cli-win32-x64': 1.7.3

  '@biomejs/cli-darwin-arm64@1.7.3':
    optional: true

  '@biomejs/cli-darwin-x64@1.7.3':
    optional: true

  '@biomejs/cli-linux-arm64-musl@1.7.3':
    optional: true

  '@biomejs/cli-linux-arm64@1.7.3':
    optional: true

  '@biomejs/cli-linux-x64-musl@1.7.3':
    optional: true

  '@biomejs/cli-linux-x64@1.7.3':
    optional: true

  '@biomejs/cli-win32-arm64@1.7.3':
    optional: true

  '@biomejs/cli-win32-x64@1.7.3':
    optional: true

  '@emnapi/runtime@1.2.0':
    dependencies:
      tslib: 2.5.3
    optional: true

  '@emotion/is-prop-valid@0.8.8':
    dependencies:
      '@emotion/memoize': 0.7.4
    optional: true

  '@emotion/memoize@0.7.4':
    optional: true

  '@img/sharp-darwin-arm64@0.33.4':
    optionalDependencies:
      '@img/sharp-libvips-darwin-arm64': 1.0.2
    optional: true

  '@img/sharp-darwin-x64@0.33.4':
    optionalDependencies:
      '@img/sharp-libvips-darwin-x64': 1.0.2
    optional: true

  '@img/sharp-libvips-darwin-arm64@1.0.2':
    optional: true

  '@img/sharp-libvips-darwin-x64@1.0.2':
    optional: true

  '@img/sharp-libvips-linux-arm64@1.0.2':
    optional: true

  '@img/sharp-libvips-linux-arm@1.0.2':
    optional: true

  '@img/sharp-libvips-linux-s390x@1.0.2':
    optional: true

  '@img/sharp-libvips-linux-x64@1.0.2':
    optional: true

  '@img/sharp-libvips-linuxmusl-arm64@1.0.2':
    optional: true

  '@img/sharp-libvips-linuxmusl-x64@1.0.2':
    optional: true

  '@img/sharp-linux-arm64@0.33.4':
    optionalDependencies:
      '@img/sharp-libvips-linux-arm64': 1.0.2
    optional: true

  '@img/sharp-linux-arm@0.33.4':
    optionalDependencies:
      '@img/sharp-libvips-linux-arm': 1.0.2
    optional: true

  '@img/sharp-linux-s390x@0.33.4':
    optionalDependencies:
      '@img/sharp-libvips-linux-s390x': 1.0.2
    optional: true

  '@img/sharp-linux-x64@0.33.4':
    optionalDependencies:
      '@img/sharp-libvips-linux-x64': 1.0.2
    optional: true

  '@img/sharp-linuxmusl-arm64@0.33.4':
    optionalDependencies:
      '@img/sharp-libvips-linuxmusl-arm64': 1.0.2
    optional: true

  '@img/sharp-linuxmusl-x64@0.33.4':
    optionalDependencies:
      '@img/sharp-libvips-linuxmusl-x64': 1.0.2
    optional: true

  '@img/sharp-wasm32@0.33.4':
    dependencies:
      '@emnapi/runtime': 1.2.0
    optional: true

  '@img/sharp-win32-ia32@0.33.4':
    optional: true

  '@img/sharp-win32-x64@0.33.4':
    optional: true

  '@next/env@15.0.0-canary.20': {}

  '@next/swc-darwin-arm64@15.0.0-canary.20':
    optional: true

  '@next/swc-darwin-x64@15.0.0-canary.20':
    optional: true

  '@next/swc-linux-arm64-gnu@15.0.0-canary.20':
    optional: true

  '@next/swc-linux-arm64-musl@15.0.0-canary.20':
    optional: true

  '@next/swc-linux-x64-gnu@15.0.0-canary.20':
    optional: true

  '@next/swc-linux-x64-musl@15.0.0-canary.20':
    optional: true

  '@next/swc-win32-arm64-msvc@15.0.0-canary.20':
    optional: true

  '@next/swc-win32-ia32-msvc@15.0.0-canary.20':
    optional: true

  '@next/swc-win32-x64-msvc@15.0.0-canary.20':
    optional: true

  '@swc/helpers@0.5.11':
    dependencies:
      tslib: 2.5.3

  '@types/node@20.3.1': {}

  '@types/prop-types@15.7.5': {}

  '@types/react-dom@18.2.6':
    dependencies:
      '@types/react': 18.2.14

  '@types/react@18.2.14':
    dependencies:
      '@types/prop-types': 15.7.5
      '@types/scheduler': 0.16.3
      csstype: 3.1.2

  '@types/scheduler@0.16.3': {}

  '@vercel/speed-insights@1.0.0': {}

  anymatch@3.1.3:
    dependencies:
      normalize-path: 3.0.0
      picomatch: 2.3.1

  binary-extensions@2.2.0: {}

  braces@3.0.2:
    dependencies:
      fill-range: 7.0.1

  busboy@1.6.0:
    dependencies:
      streamsearch: 1.1.0

  caniuse-lite@1.0.30001588: {}

  chokidar@3.5.3:
    dependencies:
      anymatch: 3.1.3
      braces: 3.0.2
      glob-parent: 5.1.2
      is-binary-path: 2.1.0
      is-glob: 4.0.3
      normalize-path: 3.0.0
      readdirp: 3.6.0
    optionalDependencies:
      fsevents: 2.3.2

  client-only@0.0.1: {}

  color-convert@2.0.1:
    dependencies:
      color-name: 1.1.4
    optional: true

  color-name@1.1.4:
    optional: true

  color-string@1.9.1:
    dependencies:
      color-name: 1.1.4
      simple-swizzle: 0.2.2
    optional: true

  color@4.2.3:
    dependencies:
      color-convert: 2.0.1
      color-string: 1.9.1
    optional: true

  csstype@3.1.2: {}

  detect-libc@2.0.3:
    optional: true

  fill-range@7.0.1:
    dependencies:
      to-regex-range: 5.0.1

  framer-motion@11.2.10(@emotion/is-prop-valid@0.8.8)(react-dom@19.0.0-rc-cc1ec60d0d-20240607(react@19.0.0-rc-cc1ec60d0d-20240607))(react@19.0.0-rc-cc1ec60d0d-20240607):
    dependencies:
      tslib: 2.5.3
    optionalDependencies:
      '@emotion/is-prop-valid': 0.8.8
      react: 19.0.0-rc-cc1ec60d0d-20240607
      react-dom: 19.0.0-rc-cc1ec60d0d-20240607(react@19.0.0-rc-cc1ec60d0d-20240607)

  fsevents@2.3.2:
    optional: true

  glob-parent@5.1.2:
    dependencies:
      is-glob: 4.0.3

  graceful-fs@4.2.11: {}

  immutable@4.3.0: {}

  is-arrayish@0.3.2:
    optional: true

  is-binary-path@2.1.0:
    dependencies:
      binary-extensions: 2.2.0

  is-extglob@2.1.1: {}

  is-glob@4.0.3:
    dependencies:
      is-extglob: 2.1.1

  is-number@7.0.0: {}

  nanoid@3.3.6: {}

  next@15.0.0-canary.20(react-dom@19.0.0-rc-cc1ec60d0d-20240607(react@19.0.0-rc-cc1ec60d0d-20240607))(react@19.0.0-rc-cc1ec60d0d-20240607)(sass@1.77.4):
    dependencies:
      '@next/env': 15.0.0-canary.20
      '@swc/helpers': 0.5.11
      busboy: 1.6.0
      caniuse-lite: 1.0.30001588
      graceful-fs: 4.2.11
      postcss: 8.4.31
      react: 19.0.0-rc-cc1ec60d0d-20240607
      react-dom: 19.0.0-rc-cc1ec60d0d-20240607(react@19.0.0-rc-cc1ec60d0d-20240607)
      styled-jsx: 5.1.6(react@19.0.0-rc-cc1ec60d0d-20240607)
    optionalDependencies:
      '@next/swc-darwin-arm64': 15.0.0-canary.20
      '@next/swc-darwin-x64': 15.0.0-canary.20
      '@next/swc-linux-arm64-gnu': 15.0.0-canary.20
      '@next/swc-linux-arm64-musl': 15.0.0-canary.20
      '@next/swc-linux-x64-gnu': 15.0.0-canary.20
      '@next/swc-linux-x64-musl': 15.0.0-canary.20
      '@next/swc-win32-arm64-msvc': 15.0.0-canary.20
      '@next/swc-win32-ia32-msvc': 15.0.0-canary.20
      '@next/swc-win32-x64-msvc': 15.0.0-canary.20
      sass: 1.77.4
      sharp: 0.33.4
    transitivePeerDependencies:
      - '@babel/core'
      - babel-plugin-macros

  normalize-path@3.0.0: {}

  picocolors@1.0.0: {}

  picomatch@2.3.1: {}

  postcss@8.4.31:
    dependencies:
      nanoid: 3.3.6
      picocolors: 1.0.0
      source-map-js: 1.0.2

  react-dom@19.0.0-rc-cc1ec60d0d-20240607(react@19.0.0-rc-cc1ec60d0d-20240607):
    dependencies:
      react: 19.0.0-rc-cc1ec60d0d-20240607
      scheduler: 0.25.0-rc-cc1ec60d0d-20240607

  react-icons@4.10.1(react@19.0.0-rc-cc1ec60d0d-20240607):
    dependencies:
      react: 19.0.0-rc-cc1ec60d0d-20240607

  react-tsparticles@2.12.2(react@19.0.0-rc-cc1ec60d0d-20240607):
    dependencies:
      react: 19.0.0-rc-cc1ec60d0d-20240607
      tsparticles-engine: 2.12.0

  react@19.0.0-rc-cc1ec60d0d-20240607: {}

  readdirp@3.6.0:
    dependencies:
      picomatch: 2.3.1

  sass@1.77.4:
    dependencies:
      chokidar: 3.5.3
      immutable: 4.3.0
      source-map-js: 1.0.2

  scheduler@0.25.0-rc-cc1ec60d0d-20240607: {}

  semver@7.6.2:
    optional: true

  sharp@0.33.4:
    dependencies:
      color: 4.2.3
      detect-libc: 2.0.3
      semver: 7.6.2
    optionalDependencies:
      '@img/sharp-darwin-arm64': 0.33.4
      '@img/sharp-darwin-x64': 0.33.4
      '@img/sharp-libvips-darwin-arm64': 1.0.2
      '@img/sharp-libvips-darwin-x64': 1.0.2
      '@img/sharp-libvips-linux-arm': 1.0.2
      '@img/sharp-libvips-linux-arm64': 1.0.2
      '@img/sharp-libvips-linux-s390x': 1.0.2
      '@img/sharp-libvips-linux-x64': 1.0.2
      '@img/sharp-libvips-linuxmusl-arm64': 1.0.2
      '@img/sharp-libvips-linuxmusl-x64': 1.0.2
      '@img/sharp-linux-arm': 0.33.4
      '@img/sharp-linux-arm64': 0.33.4
      '@img/sharp-linux-s390x': 0.33.4
      '@img/sharp-linux-x64': 0.33.4
      '@img/sharp-linuxmusl-arm64': 0.33.4
      '@img/sharp-linuxmusl-x64': 0.33.4
      '@img/sharp-wasm32': 0.33.4
      '@img/sharp-win32-ia32': 0.33.4
      '@img/sharp-win32-x64': 0.33.4
    optional: true

  simple-swizzle@0.2.2:
    dependencies:
      is-arrayish: 0.3.2
    optional: true

  source-map-js@1.0.2: {}

  streamsearch@1.1.0: {}

  styled-jsx@5.1.6(react@19.0.0-rc-cc1ec60d0d-20240607):
    dependencies:
      client-only: 0.0.1
      react: 19.0.0-rc-cc1ec60d0d-20240607

  to-regex-range@5.0.1:
    dependencies:
      is-number: 7.0.0

  tslib@2.5.3: {}

  tsparticles-basic@2.12.0:
    dependencies:
      tsparticles-engine: 2.12.0
      tsparticles-move-base: 2.12.0
      tsparticles-shape-circle: 2.12.0
      tsparticles-updater-color: 2.12.0
      tsparticles-updater-opacity: 2.12.0
      tsparticles-updater-out-modes: 2.12.0
      tsparticles-updater-size: 2.12.0

  tsparticles-engine@2.12.0: {}

  tsparticles-interaction-external-attract@2.12.0:
    dependencies:
      tsparticles-engine: 2.12.0

  tsparticles-interaction-external-bounce@2.12.0:
    dependencies:
      tsparticles-engine: 2.12.0

  tsparticles-interaction-external-bubble@2.12.0:
    dependencies:
      tsparticles-engine: 2.12.0

  tsparticles-interaction-external-connect@2.12.0:
    dependencies:
      tsparticles-engine: 2.12.0

  tsparticles-interaction-external-grab@2.12.0:
    dependencies:
      tsparticles-engine: 2.12.0

  tsparticles-interaction-external-pause@2.12.0:
    dependencies:
      tsparticles-engine: 2.12.0

  tsparticles-interaction-external-push@2.12.0:
    dependencies:
      tsparticles-engine: 2.12.0

  tsparticles-interaction-external-remove@2.12.0:
    dependencies:
      tsparticles-engine: 2.12.0

  tsparticles-interaction-external-repulse@2.12.0:
    dependencies:
      tsparticles-engine: 2.12.0

  tsparticles-interaction-external-slow@2.12.0:
    dependencies:
      tsparticles-engine: 2.12.0

  tsparticles-interaction-particles-attract@2.12.0:
    dependencies:
      tsparticles-engine: 2.12.0

  tsparticles-interaction-particles-collisions@2.12.0:
    dependencies:
      tsparticles-engine: 2.12.0

  tsparticles-interaction-particles-links@2.12.0:
    dependencies:
      tsparticles-engine: 2.12.0

  tsparticles-move-base@2.12.0:
    dependencies:
      tsparticles-engine: 2.12.0

  tsparticles-move-parallax@2.12.0:
    dependencies:
      tsparticles-engine: 2.12.0

  tsparticles-particles.js@2.12.0:
    dependencies:
      tsparticles-engine: 2.12.0

  tsparticles-plugin-easing-quad@2.12.0:
    dependencies:
      tsparticles-engine: 2.12.0

  tsparticles-shape-circle@2.12.0:
    dependencies:
      tsparticles-engine: 2.12.0

  tsparticles-shape-image@2.12.0:
    dependencies:
      tsparticles-engine: 2.12.0

  tsparticles-shape-line@2.12.0:
    dependencies:
      tsparticles-engine: 2.12.0

  tsparticles-shape-polygon@2.12.0:
    dependencies:
      tsparticles-engine: 2.12.0

  tsparticles-shape-square@2.12.0:
    dependencies:
      tsparticles-engine: 2.12.0

  tsparticles-shape-star@2.12.0:
    dependencies:
      tsparticles-engine: 2.12.0

  tsparticles-shape-text@2.12.0:
    dependencies:
      tsparticles-engine: 2.12.0

  tsparticles-slim@2.12.0:
    dependencies:
      tsparticles-basic: 2.12.0
      tsparticles-engine: 2.12.0
      tsparticles-interaction-external-attract: 2.12.0
      tsparticles-interaction-external-bounce: 2.12.0
      tsparticles-interaction-external-bubble: 2.12.0
      tsparticles-interaction-external-connect: 2.12.0
      tsparticles-interaction-external-grab: 2.12.0
      tsparticles-interaction-external-pause: 2.12.0
      tsparticles-interaction-external-push: 2.12.0
      tsparticles-interaction-external-remove: 2.12.0
      tsparticles-interaction-external-repulse: 2.12.0
      tsparticles-interaction-external-slow: 2.12.0
      tsparticles-interaction-particles-attract: 2.12.0
      tsparticles-interaction-particles-collisions: 2.12.0
      tsparticles-interaction-particles-links: 2.12.0
      tsparticles-move-base: 2.12.0
      tsparticles-move-parallax: 2.12.0
      tsparticles-particles.js: 2.12.0
      tsparticles-plugin-easing-quad: 2.12.0
      tsparticles-shape-circle: 2.12.0
      tsparticles-shape-image: 2.12.0
      tsparticles-shape-line: 2.12.0
      tsparticles-shape-polygon: 2.12.0
      tsparticles-shape-square: 2.12.0
      tsparticles-shape-star: 2.12.0
      tsparticles-shape-text: 2.12.0
      tsparticles-updater-color: 2.12.0
      tsparticles-updater-life: 2.12.0
      tsparticles-updater-opacity: 2.12.0
      tsparticles-updater-out-modes: 2.12.0
      tsparticles-updater-rotate: 2.12.0
      tsparticles-updater-size: 2.12.0
      tsparticles-updater-stroke-color: 2.12.0

  tsparticles-updater-color@2.12.0:
    dependencies:
      tsparticles-engine: 2.12.0

  tsparticles-updater-life@2.12.0:
    dependencies:
      tsparticles-engine: 2.12.0

  tsparticles-updater-opacity@2.12.0:
    dependencies:
      tsparticles-engine: 2.12.0

  tsparticles-updater-out-modes@2.12.0:
    dependencies:
      tsparticles-engine: 2.12.0

  tsparticles-updater-rotate@2.12.0:
    dependencies:
      tsparticles-engine: 2.12.0

  tsparticles-updater-size@2.12.0:
    dependencies:
      tsparticles-engine: 2.12.0

  tsparticles-updater-stroke-color@2.12.0:
    dependencies:
      tsparticles-engine: 2.12.0

  typescript@5.4.5: {}
